Microsoft Visual Studio Solution File, Format Version 12.00
Project("{FAE04EC0-301F-11D3-BF4B-00C04F79EFBC}") = "TodoSphere.ApiGateway", "ApiGateway/src/ApiGateway/TodoSphere.ApiGateway/TodoSphere.ApiGateway.csproj", "{2196AE9D-80C8-4AEA-BE37-6E19C9E8BF44}"
EndProject

Project("{FAE04EC0-301F-11D3-BF4B-00C04F79EFBC}") = "TodoSphere.Users.API", "Services/Users/TodoSphere.Users.API/TodoSphere.Users.API.csproj", "{3481504E-9ACC-4842-8681-86BE162DE935}"
EndProject

Project("{FAE04EC0-301F-11D3-BF4B-00C04F79EFBC}") = "TodoSphere.Users.Domain", "Services/Users/TodoSphere.Users.Domain/TodoSphere.Users.Domain.csproj", "{92287DA5-108C-4D69-868F-BCEA609B4127}"
EndProject

Project("{FAE04EC0-301F-11D3-BF4B-00C04F79EFBC}") = "TodoSphere.Users.Infrastructure", "Services/Users/TodoSphere.Users.Infrastructure/TodoSphere.Users.Infrastructure.csproj", "{93A0A943-EDE0-47FF-BF5C-B71DEEA68DBC}"
EndProject

Project("{FAE04EC0-301F-11D3-BF4B-00C04F79EFBC}") = "TodoSphere.Users.Application", "Services/Users/TodoSphere.Users.Application/TodoSphere.Users.Application.csproj", "{B2FF2D7D-56DF-4988-A34C-654D9C9D67CD}"
EndProject

Project("{FAE04EC0-301F-11D3-BF4B-00C04F79EFBC}") = "TodoSphere.Auth.Domain", "Services\Auth\Domain\TodoSphere.Auth.Domain\TodoSphere.Auth.Domain.csproj", "{092A9DEE-841E-4F84-AAE9-C85F46DD763B}"
EndProject
Project("{FAE04EC0-301F-11D3-BF4B-00C04F79EFBC}") = "TodoSphere.Auth.API", "Services\Auth\API\TodoSphere.Auth.API\TodoSphere.Auth.API.csproj", "{2D93093C-293C-4036-BEA4-8AD746FD4A50}"
EndProject
Project("{FAE04EC0-301F-11D3-BF4B-00C04F79EFBC}") = "TodoSphere.Auth.Infrastructure.Persistence", "Services\Auth\Infrastructure\TodoSphere.Auth.Infrastructure.Persistence\TodoSphere.Auth.Infrastructure.Persistence.csproj", "{2BCA7BEB-2EDE-4AC6-AF84-A23A99C7D4FC}"
EndProject
Project("{FAE04EC0-301F-11D3-BF4B-00C04F79EFBC}") = "TodoSphere.Auth.Application", "Services\Auth\Application\TodoSphere.Auth.Application\TodoSphere.Auth.Application.csproj", "{A6D47AAB-18B4-4D8E-AD69-16EDFA0A3AE4}"
EndProject
Project("{FAE04EC0-301F-11D3-BF4B-00C04F79EFBC}") = "TodoSphere.Auth.Infrastructure.Shared", "Services\Auth\Infrastructure\TodoSphere.Auth.Infrastructure.Shared\TodoSphere.Auth.Infrastructure.Shared.csproj", "{CECE0B58-FC90-4155-AD50-7571D528EEAE}"
EndProject
Project("{FAE04EC0-301F-11D3-BF4B-00C04F79EFBC}") = "TodoSphere.ApiGateway.Infrastructure", "ApiGateway\src\Infrastructure\TodoSphere.ApiGateway.Infrastructure\TodoSphere.ApiGateway.Infrastructure.csproj", "{331AEF60-AD76-4078-AB28-A44566DE51F4}"
EndProject
Project("{FAE04EC0-301F-11D3-BF4B-00C04F79EFBC}") = "TodoSphere.ApiGateway.Domain", "ApiGateway\src\Domain\TodoSphere.ApiGateway.Domain\TodoSphere.ApiGateway.Domain.csproj", "{AB88D8D2-77E5-4E97-BACC-F5BF2981C432}"
EndProject

Global
	GlobalSection(SolutionConfigurationPlatforms) = preSolution
		Debug|Any CPU = Debug|Any CPU
		Release|Any CPU = Release|Any CPU
	EndGlobalSection
	GlobalSection(ProjectConfigurationPlatforms) = postSolution
		{2196AE9D-80C8-4AEA-BE37-6E19C9E8BF44}.Debug|Any CPU.ActiveCfg = Debug|Any CPU
		{2196AE9D-80C8-4AEA-BE37-6E19C9E8BF44}.Debug|Any CPU.Build.0 = Debug|Any CPU
		{2196AE9D-80C8-4AEA-BE37-6E19C9E8BF44}.Release|Any CPU.ActiveCfg = Release|Any CPU
		{2196AE9D-80C8-4AEA-BE37-6E19C9E8BF44}.Release|Any CPU.Build.0 = Release|Any CPU
		{3481504E-9ACC-4842-8681-86BE162DE935}.Debug|Any CPU.ActiveCfg = Debug|Any CPU
		{3481504E-9ACC-4842-8681-86BE162DE935}.Debug|Any CPU.Build.0 = Debug|Any CPU
		{3481504E-9ACC-4842-8681-86BE162DE935}.Release|Any CPU.ActiveCfg = Release|Any CPU
		{3481504E-9ACC-4842-8681-86BE162DE935}.Release|Any CPU.Build.0 = Release|Any CPU
		{92287DA5-108C-4D69-868F-BCEA609B4127}.Debug|Any CPU.ActiveCfg = Debug|Any CPU
		{92287DA5-108C-4D69-868F-BCEA609B4127}.Debug|Any CPU.Build.0 = Debug|Any CPU
		{92287DA5-108C-4D69-868F-BCEA609B4127}.Release|Any CPU.ActiveCfg = Release|Any CPU
		{92287DA5-108C-4D69-868F-BCEA609B4127}.Release|Any CPU.Build.0 = Release|Any CPU
		{93A0A943-EDE0-47FF-BF5C-B71DEEA68DBC}.Debug|Any CPU.ActiveCfg = Debug|Any CPU
		{93A0A943-EDE0-47FF-BF5C-B71DEEA68DBC}.Debug|Any CPU.Build.0 = Debug|Any CPU
		{93A0A943-EDE0-47FF-BF5C-B71DEEA68DBC}.Release|Any CPU.ActiveCfg = Release|Any CPU
		{93A0A943-EDE0-47FF-BF5C-B71DEEA68DBC}.Release|Any CPU.Build.0 = Release|Any CPU
		{B2FF2D7D-56DF-4988-A34C-654D9C9D67CD}.Debug|Any CPU.ActiveCfg = Debug|Any CPU
		{B2FF2D7D-56DF-4988-A34C-654D9C9D67CD}.Debug|Any CPU.Build.0 = Debug|Any CPU
		{B2FF2D7D-56DF-4988-A34C-654D9C9D67CD}.Release|Any CPU.ActiveCfg = Release|Any CPU
		{B2FF2D7D-56DF-4988-A34C-654D9C9D67CD}.Release|Any CPU.Build.0 = Release|Any CPU
		{092A9DEE-841E-4F84-AAE9-C85F46DD763B}.Debug|Any CPU.ActiveCfg = Debug|Any CPU
		{092A9DEE-841E-4F84-AAE9-C85F46DD763B}.Debug|Any CPU.Build.0 = Debug|Any CPU
		{092A9DEE-841E-4F84-AAE9-C85F46DD763B}.Release|Any CPU.ActiveCfg = Release|Any CPU
		{092A9DEE-841E-4F84-AAE9-C85F46DD763B}.Release|Any CPU.Build.0 = Release|Any CPU
		{2D93093C-293C-4036-BEA4-8AD746FD4A50}.Debug|Any CPU.ActiveCfg = Debug|Any CPU
		{2D93093C-293C-4036-BEA4-8AD746FD4A50}.Debug|Any CPU.Build.0 = Debug|Any CPU
		{2D93093C-293C-4036-BEA4-8AD746FD4A50}.Release|Any CPU.ActiveCfg = Release|Any CPU
		{2D93093C-293C-4036-BEA4-8AD746FD4A50}.Release|Any CPU.Build.0 = Release|Any CPU
		{2BCA7BEB-2EDE-4AC6-AF84-A23A99C7D4FC}.Debug|Any CPU.ActiveCfg = Debug|Any CPU
		{2BCA7BEB-2EDE-4AC6-AF84-A23A99C7D4FC}.Debug|Any CPU.Build.0 = Debug|Any CPU
		{2BCA7BEB-2EDE-4AC6-AF84-A23A99C7D4FC}.Release|Any CPU.ActiveCfg = Release|Any CPU
		{2BCA7BEB-2EDE-4AC6-AF84-A23A99C7D4FC}.Release|Any CPU.Build.0 = Release|Any CPU
		{A6D47AAB-18B4-4D8E-AD69-16EDFA0A3AE4}.Debug|Any CPU.ActiveCfg = Debug|Any CPU
		{A6D47AAB-18B4-4D8E-AD69-16EDFA0A3AE4}.Debug|Any CPU.Build.0 = Debug|Any CPU
		{A6D47AAB-18B4-4D8E-AD69-16EDFA0A3AE4}.Release|Any CPU.ActiveCfg = Release|Any CPU
		{A6D47AAB-18B4-4D8E-AD69-16EDFA0A3AE4}.Release|Any CPU.Build.0 = Release|Any CPU
		{CECE0B58-FC90-4155-AD50-7571D528EEAE}.Debug|Any CPU.ActiveCfg = Debug|Any CPU
		{CECE0B58-FC90-4155-AD50-7571D528EEAE}.Debug|Any CPU.Build.0 = Debug|Any CPU
		{CECE0B58-FC90-4155-AD50-7571D528EEAE}.Release|Any CPU.ActiveCfg = Release|Any CPU
		{CECE0B58-FC90-4155-AD50-7571D528EEAE}.Release|Any CPU.Build.0 = Release|Any CPU
		{331AEF60-AD76-4078-AB28-A44566DE51F4}.Debug|Any CPU.ActiveCfg = Debug|Any CPU
		{331AEF60-AD76-4078-AB28-A44566DE51F4}.Debug|Any CPU.Build.0 = Debug|Any CPU
		{331AEF60-AD76-4078-AB28-A44566DE51F4}.Release|Any CPU.ActiveCfg = Release|Any CPU
		{331AEF60-AD76-4078-AB28-A44566DE51F4}.Release|Any CPU.Build.0 = Release|Any CPU
		{AB88D8D2-77E5-4E97-BACC-F5BF2981C432}.Debug|Any CPU.ActiveCfg = Debug|Any CPU
		{AB88D8D2-77E5-4E97-BACC-F5BF2981C432}.Debug|Any CPU.Build.0 = Debug|Any CPU
		{AB88D8D2-77E5-4E97-BACC-F5BF2981C432}.Release|Any CPU.ActiveCfg = Release|Any CPU
		{AB88D8D2-77E5-4E97-BACC-F5BF2981C432}.Release|Any CPU.Build.0 = Release|Any CPU
	EndGlobalSection
EndGlobal
